
Microsoft Visual Studio Solution File, Format Version 12.00
# Visual Studio Version 17
VisualStudioVersion = 17.10.35122.118
MinimumVisualStudioVersion = 10.0.40219.1
Project("{FAE04EC0-301F-11D3-BF4B-00C04F79EFBC}") = "CSharpBegynderOpgave_1", "CSharpBegynderOpgave_1\CSharpBegynderOpgave_1.csproj", "{B1EFCC4A-3EA1-4194-8FF5-5AB4623F3ED8}"
EndProject
Project("{FAE04EC0-301F-11D3-BF4B-00C04F79EFBC}") = "CSharpBegynderOpgave_2", "CSharpBegynderOpgave_2\CSharpBegynderOpgave_2.csproj", "{BF45B547-C7E2-489F-B1AA-D5ED6DC65329}"
EndProject
Project("{FAE04EC0-301F-11D3-BF4B-00C04F79EFBC}") = "CSharpBegynderOpgave_3", "CSharpBegynderOpgave_3\CSharpBegynderOpgave_3.csproj", "{F861B5CC-6933-4E57-8108-61BA2FED8908}"
EndProject
Global
	GlobalSection(SolutionConfigurationPlatforms) = preSolution
		Debug|Any CPU = Debug|Any CPU
		Release|Any CPU = Release|Any CPU
	EndGlobalSection
	GlobalSection(ProjectConfigurationPlatforms) = postSolution
		{B1EFCC4A-3EA1-4194-8FF5-5AB4623F3ED8}.Debug|Any CPU.ActiveCfg = Debug|Any CPU
		{B1EFCC4A-3EA1-4194-8FF5-5AB4623F3ED8}.Debug|Any CPU.Build.0 = Debug|Any CPU
		{B1EFCC4A-3EA1-4194-8FF5-5AB4623F3ED8}.Release|Any CPU.ActiveCfg = Release|Any CPU
		{B1EFCC4A-3EA1-4194-8FF5-5AB4623F3ED8}.Release|Any CPU.Build.0 = Release|Any CPU
		{BF45B547-C7E2-489F-B1AA-D5ED6DC65329}.Debug|Any CPU.ActiveCfg = Debug|Any CPU
		{BF45B547-C7E2-489F-B1AA-D5ED6DC65329}.Debug|Any CPU.Build.0 = Debug|Any CPU
		{BF45B547-C7E2-489F-B1AA-D5ED6DC65329}.Release|Any CPU.ActiveCfg = Release|Any CPU
		{BF45B547-C7E2-489F-B1AA-D5ED6DC65329}.Release|Any CPU.Build.0 = Release|Any CPU
		{F861B5CC-6933-4E57-8108-61BA2FED8908}.Debug|Any CPU.ActiveCfg = Debug|Any CPU
		{F861B5CC-6933-4E57-8108-61BA2FED8908}.Debug|Any CPU.Build.0 = Debug|Any CPU
		{F861B5CC-6933-4E57-8108-61BA2FED8908}.Release|Any CPU.ActiveCfg = Release|Any CPU
		{F861B5CC-6933-4E57-8108-61BA2FED8908}.Release|Any CPU.Build.0 = Release|Any CPU
	EndGlobalSection
	GlobalSection(SolutionProperties) = preSolution
		HideSolutionNode = FALSE
	EndGlobalSection
	GlobalSection(ExtensibilityGlobals) = postSolution
		SolutionGuid = {323C73DB-28FE-44D2-9CDB-0B4B5DC0807B}
	EndGlobalSection
EndGlobal
